
Microsoft Visual Studio Solution File, Format Version 12.00
# Visual Studio Version 16
VisualStudioVersion = 16.0.29728.190
MinimumVisualStudioVersion = 10.0.40219.1
Project("{FAE04EC0-301F-11D3-BF4B-00C04F79EFBC}") = "Tic-Tac-Toe", "Tic-Tac-Toe\Tic-Tac-Toe.csproj", "{BBB7B758-D732-4431-B209-E2CA142B30DA}"
EndProject
Global
	GlobalSection(SolutionConfigurationPlatforms) = preSolution
		Debug|Any CPU = Debug|Any CPU
		Release|Any CPU = Release|Any CPU
	EndGlobalSection
	GlobalSection(ProjectConfigurationPlatforms) = postSolution
		{BBB7B758-D732-4431-B209-E2CA142B30DA}.Debug|Any CPU.ActiveCfg = Debug|Any CPU
		{BBB7B758-D732-4431-B209-E2CA142B30DA}.Debug|Any CPU.Build.0 = Debug|Any CPU
		{BBB7B758-D732-4431-B209-E2CA142B30DA}.Release|Any CPU.ActiveCfg = Release|Any CPU
		{BBB7B758-D732-4431-B209-E2CA142B30DA}.Release|Any CPU.Build.0 = Release|Any CPU
	EndGlobalSection
	GlobalSection(SolutionProperties) = preSolution
		HideSolutionNode = FALSE
	EndGlobalSection
	GlobalSection(ExtensibilityGlobals) = postSolution
		SolutionGuid = {14B98453-518E-44B2-B172-D2FD0B9AB0CF}
	EndGlobalSection
EndGlobal
